// !$*UTF8*$!
{
	archiveVersion = 1;
	classes = {
	};
	objectVersion = 50;
	objects = {

/* Begin PBXBuildFile section */
		CD1E29D5260599E600DAD5BC /* AppDelegate.swift in Sources */ = {isa = PBXBuildFile; fileRef = CD1E29D4260599E600DAD5BC /* AppDelegate.swift */; };
		CD1E29D7260599E600DAD5BC /* SceneDelegate.swift in Sources */ = {isa = PBXBuildFile; fileRef = CD1E29D6260599E600DAD5BC /* SceneDelegate.swift */; };
		CD1E29D9260599E600DAD5BC /* ViewController.swift in Sources */ = {isa = PBXBuildFile; fileRef = CD1E29D8260599E600DAD5BC /* ViewController.swift */; };
		CD1E29DC260599E600DAD5BC /* Main.storyboard in Resources */ = {isa = PBXBuildFile; fileRef = CD1E29DA260599E600DAD5BC /* Main.storyboard */; };
		CD1E29DE260599E700DAD5BC /* Assets.xcassets in Resources */ = {isa = PBXBuildFile; fileRef = CD1E29DD260599E700DAD5BC /* Assets.xcassets */; };
		CD1E29E1260599E700DAD5BC /* LaunchScreen.storyboard in Resources */ = {isa = PBXBuildFile; fileRef = CD1E29DF260599E700DAD5BC /* LaunchScreen.storyboard */; };
		CD1E29EC26059BF000DAD5BC /* QuizViewController.swift in Sources */ = {isa = PBXBuildFile; fileRef = CD1E29EB26059BF000DAD5BC /* QuizViewController.swift */; };
		CD1E29EF26059D5000DAD5BC /* ScoreViewController.swift in Sources */ = {isa = PBXBuildFile; fileRef = CD1E29EE26059D5000DAD5BC /* ScoreViewController.swift */; };
		CD1E29F22605A23C00DAD5BC /* quiz1.csv in Resources */ = {isa = PBXBuildFile; fileRef = CD1E29F12605A23B00DAD5BC /* quiz1.csv */; };
		CD1E29F7260705D700DAD5BC /* correct.png in Resources */ = {isa = PBXBuildFile; fileRef = CD1E29F5260705D700DAD5BC /* correct.png */; };
		CD1E29F8260705D700DAD5BC /* incorrect.png in Resources */ = {isa = PBXBuildFile; fileRef = CD1E29F6260705D700DAD5BC /* incorrect.png */; };
		CD1E29FB2608356600DAD5BC /* SelectLevelViewController.swift in Sources */ = {isa = PBXBuildFile; fileRef = CD1E29FA2608356600DAD5BC /* SelectLevelViewController.swift */; };
		CD1E29FE26083AF500DAD5BC /* quiz2.csv in Resources */ = {isa = PBXBuildFile; fileRef = CD1E29FD26083AF500DAD5BC /* quiz2.csv */; };
		CD1E2A0126083B0B00DAD5BC /* quiz3.csv in Resources */ = {isa = PBXBuildFile; fileRef = CD1E2A0026083B0B00DAD5BC /* quiz3.csv */; };
/* End PBXBuildFile section */

/* Begin PBXFileReference section */
		CD1E29D1260599E600DAD5BC /* SoccerQuizApp.app */ = {isa = PBXFileReference; explicitFileType = wrapper.application; includeInIndex = 0; path = SoccerQuizApp.app; sourceTree = BUILT_PRODUCTS_DIR; };
		CD1E29D4260599E600DAD5BC /* AppDelegate.swift */ = {isa = PBXFileReference; lastKnownFileType = sourcecode.swift; path = AppDelegate.swift; sourceTree = "<group>"; };
		CD1E29D6260599E600DAD5BC /* SceneDelegate.swift */ = {isa = PBXFileReference; lastKnownFileType = sourcecode.swift; path = SceneDelegate.swift; sourceTree = "<group>"; };
		CD1E29D8260599E600DAD5BC /* ViewController.swift */ = {isa = PBXFileReference; lastKnownFileType = sourcecode.swift; path = ViewController.swift; sourceTree = "<group>"; };
		CD1E29DB260599E600DAD5BC /* Base */ = {isa = PBXFileReference; lastKnownFileType = file.storyboard; name = Base; path = Base.lproj/Main.storyboard; sourceTree = "<group>"; };
		CD1E29DD260599E700DAD5BC /* Assets.xcassets */ = {isa = PBXFileReference; lastKnownFileType = folder.assetcatalog; path = Assets.xcassets; sourceTree = "<group>"; };
		CD1E29E0260599E700DAD5BC /* Base */ = {isa = PBXFileReference; lastKnownFileType = file.storyboard; name = Base; path = Base.lproj/LaunchScreen.storyboard; sourceTree = "<group>"; };
		CD1E29E2260599E700DAD5BC /* Info.plist */ = {isa = PBXFileReference; lastKnownFileType = text.plist.xml; path = Info.plist; sourceTree = "<group>"; };
		CD1E29EB26059BF000DAD5BC /* QuizViewController.swift */ = {isa = PBXFileReference; lastKnownFileType = sourcecode.swift; path = QuizViewController.swift; sourceTree = "<group>"; };
		CD1E29EE26059D5000DAD5BC /* ScoreViewController.swift */ = {isa = PBXFileReference; lastKnownFileType = sourcecode.swift; path = ScoreViewController.swift; sourceTree = "<group>"; };
		CD1E29F12605A23B00DAD5BC /* quiz1.csv */ = {isa = PBXFileReference; lastKnownFileType = text; path = quiz1.csv; sourceTree = "<group>"; };
		CD1E29F5260705D700DAD5BC /* correct.png */ = {isa = PBXFileReference; lastKnownFileType = image.png; path = correct.png; sourceTree = "<group>"; };
		CD1E29F6260705D700DAD5BC /* incorrect.png */ = {isa = PBXFileReference; lastKnownFileType = image.png; path = incorrect.png; sourceTree = "<group>"; };
		CD1E29FA2608356600DAD5BC /* SelectLevelViewController.swift */ = {isa = PBXFileReference; lastKnownFileType = sourcecode.swift; path = SelectLevelViewController.swift; sourceTree = "<group>"; };
		CD1E29FD26083AF500DAD5BC /* quiz2.csv */ = {isa = PBXFileReference; lastKnownFileType = text; path = quiz2.csv; sourceTree = "<group>"; };
		CD1E2A0026083B0B00DAD5BC /* quiz3.csv */ = {isa = PBXFileReference; lastKnownFileType = text; path = quiz3.csv; sourceTree = "<group>"; };
/* End PBXFileReference section */

/* Begin PBXFrameworksBuildPhase section */
		CD1E29CE260599E600DAD5BC /* Frameworks */ = {
			isa = PBXFrameworksBuildPhase;
			buildActionMask = 2147483647;
			files = (
			);
			runOnlyForDeploymentPostprocessing = 0;
		};
/* End PBXFrameworksBuildPhase section */

/* Begin PBXGroup section */
		CD1E29C8260599E600DAD5BC = {
			isa = PBXGroup;
			children = (
				CD1E29D3260599E600DAD5BC /* SoccerQuizApp */,
				CD1E29D2260599E600DAD5BC /* Products */,
			);
			sourceTree = "<group>";
		};
		CD1E29D2260599E600DAD5BC /* Products */ = {
			isa = PBXGroup;
			children = (
				CD1E29D1260599E600DAD5BC /* SoccerQuizApp.app */,
			);
			name = Products;
			sourceTree = "<group>";
		};
		CD1E29D3260599E600DAD5BC /* SoccerQuizApp */ = {
			isa = PBXGroup;
			children = (
				CD1E29D4260599E600DAD5BC /* AppDelegate.swift */,
				CD1E29D6260599E600DAD5BC /* SceneDelegate.swift */,
				CD1E29D8260599E600DAD5BC /* ViewController.swift */,
				CD1E29DA260599E600DAD5BC /* Main.storyboard */,
				CD1E29FA2608356600DAD5BC /* SelectLevelViewController.swift */,
				CD1E29F12605A23B00DAD5BC /* quiz1.csv */,
				CD1E29EE26059D5000DAD5BC /* ScoreViewController.swift */,
				CD1E29EB26059BF000DAD5BC /* QuizViewController.swift */,
				CD1E29FD26083AF500DAD5BC /* quiz2.csv */,
				CD1E2A0026083B0B00DAD5BC /* quiz3.csv */,
				CD1E29F4260705D700DAD5BC /* image */,
				CD1E29DD260599E700DAD5BC /* Assets.xcassets */,
				CD1E29DF260599E700DAD5BC /* LaunchScreen.storyboard */,
				CD1E29E2260599E700DAD5BC /* Info.plist */,
			);
			path = SoccerQuizApp;
			sourceTree = "<group>";
		};
		CD1E29F4260705D700DAD5BC /* image */ = {
			isa = PBXGroup;
			children = (
				CD1E29F5260705D700DAD5BC /* correct.png */,
				CD1E29F6260705D700DAD5BC /* incorrect.png */,
			);
			path = image;
			sourceTree = "<group>";
		};
/* End PBXGroup section */

/* Begin PBXNativeTarget section */
		CD1E29D0260599E600DAD5BC /* SoccerQuizApp */ = {
			isa = PBXNativeTarget;
			buildConfigurationList = CD1E29E5260599E700DAD5BC /* Build configuration list for PBXNativeTarget "SoccerQuizApp" */;
			buildPhases = (
				CD1E29CD260599E600DAD5BC /* Sources */,
				CD1E29CE260599E600DAD5BC /* Frameworks */,
				CD1E29CF260599E600DAD5BC /* Resources */,
			);
			buildRules = (
			);
			dependencies = (
			);
			name = SoccerQuizApp;
			productName = SoccerQuizApp;
			productReference = CD1E29D1260599E600DAD5BC /* SoccerQuizApp.app */;
			productType = "com.apple.product-type.application";
		};
/* End PBXNativeTarget section */

/* Begin PBXProject section */
		CD1E29C9260599E600DAD5BC /* Project object */ = {
			isa = PBXProject;
			attributes = {
				LastSwiftUpdateCheck = 1240;
				LastUpgradeCheck = 1240;
				TargetAttributes = {
					CD1E29D0260599E600DAD5BC = {
						CreatedOnToolsVersion = 12.4;
					};
				};
			};
			buildConfigurationList = CD1E29CC260599E600DAD5BC /* Build configuration list for PBXProject "SoccerQuizApp" */;
			compatibilityVersion = "Xcode 9.3";
			developmentRegion = en;
			hasScannedForEncodings = 0;
			knownRegions = (
				en,
				Base,
			);
			mainGroup = CD1E29C8260599E600DAD5BC;
			productRefGroup = CD1E29D2260599E600DAD5BC /* Products */;
			projectDirPath = "";
			projectRoot = "";
			targets = (
				CD1E29D0260599E600DAD5BC /* SoccerQuizApp */,
			);
		};
/* End PBXProject section */

/* Begin PBXResourcesBuildPhase section */
		CD1E29CF260599E600DAD5BC /* Resources */ = {
			isa = PBXResourcesBuildPhase;
			buildActionMask = 2147483647;
			files = (
				CD1E29FE26083AF500DAD5BC /* quiz2.csv in Resources */,
				CD1E29F7260705D700DAD5BC /* correct.png in Resources */,
				CD1E29F8260705D700DAD5BC /* incorrect.png in Resources */,
				CD1E29E1260599E700DAD5BC /* LaunchScreen.storyboard in Resources */,
				CD1E29DE260599E700DAD5BC /* Assets.xcassets in Resources */,
				CD1E29DC260599E600DAD5BC /* Main.storyboard in Resources */,
				CD1E29F22605A23C00DAD5BC /* quiz1.csv in Resources */,
				CD1E2A0126083B0B00DAD5BC /* quiz3.csv in Resources */,
			);
			runOnlyForDeploymentPostprocessing = 0;
		};
/* End PBXResourcesBuildPhase section */

/* Begin PBXSourcesBuildPhase section */
		CD1E29CD260599E600DAD5BC /* Sources */ = {
			isa = PBXSourcesBuildPhase;
			buildActionMask = 2147483647;
			files = (
				CD1E29D9260599E600DAD5BC /* ViewController.swift in Sources */,
				CD1E29D5260599E600DAD5BC /* AppDelegate.swift in Sources */,
				CD1E29EF26059D5000DAD5BC /* ScoreViewController.swift in Sources */,
				CD1E29D7260599E600DAD5BC /* SceneDelegate.swift in Sources */,
				CD1E29EC26059BF000DAD5BC /* QuizViewController.swift in Sources */,
				CD1E29FB2608356600DAD5BC /* SelectLevelViewController.swift in Sources */,
			);
			runOnlyForDeploymentPostprocessing = 0;
		};
/* End PBXSourcesBuildPhase section */

/* Begin PBXVariantGroup section */
		CD1E29DA260599E600DAD5BC /* Main.storyboard */ = {
			isa = PBXVariantGroup;
			children = (
				CD1E29DB260599E600DAD5BC /* Base */,
			);
			name = Main.storyboard;
			sourceTree = "<group>";
		};
		CD1E29DF260599E700DAD5BC /* LaunchScreen.storyboard */ = {
			isa = PBXVariantGroup;
			children = (
				CD1E29E0260599E700DAD5BC /* Base */,
			);
			name = LaunchScreen.storyboard;
			sourceTree = "<group>";
		};
/* End PBXVariantGroup section */

/* Begin XCBuildConfiguration section */
		CD1E29E3260599E700DAD5BC /* Debug */ = {
			isa = XCBuildConfiguration;
			buildSettings = {
				ALWAYS_SEARCH_USER_PATHS = NO;
				CLANG_ANALYZER_NONNULL = YES;
				CLANG_ANALYZER_NUMBER_OBJECT_CONVERSION = YES_AGGRESSIVE;
				CLANG_CXX_LANGUAGE_STANDARD = "gnu++14";
				CLANG_CXX_LIBRARY = "libc++";
				CLANG_ENABLE_MODULES = YES;
				CLANG_ENABLE_OBJC_ARC = YES;
				CLANG_ENABLE_OBJC_WEAK = YES;
				CLANG_WARN_BLOCK_CAPTURE_AUTORELEASING = YES;
				CLANG_WARN_BOOL_CONVERSION = YES;
				CLANG_WARN_COMMA = YES;
				CLANG_WARN_CONSTANT_CONVERSION = YES;
				CLANG_WARN_DEPRECATED_OBJC_IMPLEMENTATIONS = YES;
				CLANG_WARN_DIRECT_OBJC_ISA_USAGE = YES_ERROR;
				CLANG_WARN_DOCUMENTATION_COMMENTS = YES;
				CLANG_WARN_EMPTY_BODY = YES;
				CLANG_WARN_ENUM_CONVERSION = YES;
				CLANG_WARN_INFINITE_RECURSION = YES;
				CLANG_WARN_INT_CONVERSION = YES;
				CLANG_WARN_NON_LITERAL_NULL_CONVERSION = YES;
				CLANG_WARN_OBJC_IMPLICIT_RETAIN_SELF = YES;
				CLANG_WARN_OBJC_LITERAL_CONVERSION = YES;
				CLANG_WARN_OBJC_ROOT_CLASS = YES_ERROR;
				CLANG_WARN_QUOTED_INCLUDE_IN_FRAMEWORK_HEADER = YES;
				CLANG_WARN_RANGE_LOOP_ANALYSIS = YES;
				CLANG_WARN_STRICT_PROTOTYPES = YES;
				CLANG_WARN_SUSPICIOUS_MOVE = YES;
				CLANG_WARN_UNGUARDED_AVAILABILITY = YES_AGGRESSIVE;
				CLANG_WARN_UNREACHABLE_CODE = YES;
				CLANG_WARN__DUPLICATE_METHOD_MATCH = YES;
				COPY_PHASE_STRIP = NO;
				DEBUG_INFORMATION_FORMAT = dwarf;
				ENABLE_STRICT_OBJC_MSGSEND = YES;
				ENABLE_TESTABILITY = YES;
				GCC_C_LANGUAGE_STANDARD = gnu11;
				GCC_DYNAMIC_NO_PIC = NO;
				GCC_NO_COMMON_BLOCKS = YES;
				GCC_OPTIMIZATION_LEVEL = 0;
				GCC_PREPROCESSOR_DEFINITIONS = (
					"DEBUG=1",
					"$(inherited)",
				);
				GCC_WARN_64_TO_32_BIT_CONVERSION = YES;
				GCC_WARN_ABOUT_RETURN_TYPE = YES_ERROR;
				GCC_WARN_UNDECLARED_SELECTOR = YES;
				GCC_WARN_UNINITIALIZED_AUTOS = YES_AGGRESSIVE;
				GCC_WARN_UNUSED_FUNCTION = YES;
				GCC_WARN_UNUSED_VARIABLE = YES;
				IPHONEOS_DEPLOYMENT_TARGET = 14.4;
				MTL_ENABLE_DEBUG_INFO = INCLUDE_SOURCE;
				MTL_FAST_MATH = YES;
				ONLY_ACTIVE_ARCH = YES;
				SDKROOT = iphoneos;
				SWIFT_ACTIVE_COMPILATION_CONDITIONS = DEBUG;
				SWIFT_OPTIMIZATION_LEVEL = "-Onone";
			};
			name = Debug;
		};
		CD1E29E4260599E700DAD5BC /* Release */ = {
			isa = XCBuildConfiguration;
			buildSettings = {
				ALWAYS_SEARCH_USER_PATHS = NO;
				CLANG_ANALYZER_NONNULL = YES;
				CLANG_ANALYZER_NUMBER_OBJECT_CONVERSION = YES_AGGRESSIVE;
				CLANG_CXX_LANGUAGE_STANDARD = "gnu++14";
				CLANG_CXX_LIBRARY = "libc++";
				CLANG_ENABLE_MODULES = YES;
				CLANG_ENABLE_OBJC_ARC = YES;
				CLANG_ENABLE_OBJC_WEAK = YES;
				CLANG_WARN_BLOCK_CAPTURE_AUTORELEASING = YES;
				CLANG_WARN_BOOL_CONVERSION = YES;
				CLANG_WARN_COMMA = YES;
				CLANG_WARN_CONSTANT_CONVERSION = YES;
				CLANG_WARN_DEPRECATED_OBJC_IMPLEMENTATIONS = YES;
				CLANG_WARN_DIRECT_OBJC_ISA_USAGE = YES_ERROR;
				CLANG_WARN_DOCUMENTATION_COMMENTS = YES;
				CLANG_WARN_EMPTY_BODY = YES;
				CLANG_WARN_ENUM_CONVERSION = YES;
				CLANG_WARN_INFINITE_RECURSION = YES;
				CLANG_WARN_INT_CONVERSION = YES;
				CLANG_WARN_NON_LITERAL_NULL_CONVERSION = YES;
				CLANG_WARN_OBJC_IMPLICIT_RETAIN_SELF = YES;
				CLANG_WARN_OBJC_LITERAL_CONVERSION = YES;
				CLANG_WARN_OBJC_ROOT_CLASS = YES_ERROR;
				CLANG_WARN_QUOTED_INCLUDE_IN_FRAMEWORK_HEADER = YES;
				CLANG_WARN_RANGE_LOOP_ANALYSIS = YES;
				CLANG_WARN_STRICT_PROTOTYPES = YES;
				CLANG_WARN_SUSPICIOUS_MOVE = YES;
				CLANG_WARN_UNGUARDED_AVAILABILITY = YES_AGGRESSIVE;
				CLANG_WARN_UNREACHABLE_CODE = YES;
				CLANG_WARN__DUPLICATE_METHOD_MATCH = YES;
				COPY_PHASE_STRIP = NO;
				DEBUG_INFORMATION_FORMAT = "dwarf-with-dsym";
				ENABLE_NS_ASSERTIONS = NO;
				ENABLE_STRICT_OBJC_MSGSEND = YES;
				GCC_C_LANGUAGE_STANDARD = gnu11;
				GCC_NO_COMMON_BLOCKS = YES;
				GCC_WARN_64_TO_32_BIT_CONVERSION = YES;
				GCC_WARN_ABOUT_RETURN_TYPE = YES_ERROR;
				GCC_WARN_UNDECLARED_SELECTOR = YES;
				GCC_WARN_UNINITIALIZED_AUTOS = YES_AGGRESSIVE;
				GCC_WARN_UNUSED_FUNCTION = YES;
				GCC_WARN_UNUSED_VARIABLE = YES;
				IPHONEOS_DEPLOYMENT_TARGET = 14.4;
				MTL_ENABLE_DEBUG_INFO = NO;
				MTL_FAST_MATH = YES;
				SDKROOT = iphoneos;
				SWIFT_COMPILATION_MODE = wholemodule;
				SWIFT_OPTIMIZATION_LEVEL = "-O";
				VALIDATE_PRODUCT = YES;
			};
			name = Release;
		};
		CD1E29E6260599E700DAD5BC /* Debug */ = {
			isa = XCBuildConfiguration;
			buildSettings = {
				ASSETCATALOG_COMPILER_APPICON_NAME = AppIcon;
				ASSETCATALOG_COMPILER_GLOBAL_ACCENT_COLOR_NAME = AccentColor;
				CODE_SIGN_STYLE = Automatic;
				DEVELOPMENT_TEAM = RZB66V3XMY;
				INFOPLIST_FILE = SoccerQuizApp/Info.plist;
				LD_RUNPATH_SEARCH_PATHS = (
					"$(inherited)",
					"@executable_path/Frameworks",
				);
				PRODUCT_BUNDLE_IDENTIFIER = com.tomohiro.SoccerQuizApp;
				PRODUCT_NAME = "$(TARGET_NAME)";
				SWIFT_VERSION = 5.0;
				TARGETED_DEVICE_FAMILY = "1,2";
			};
			name = Debug;
		};
		CD1E29E7260599E700DAD5BC /* Release */ = {
			isa = XCBuildConfiguration;
			buildSettings = {
				ASSETCATALOG_COMPILER_APPICON_NAME = AppIcon;
				ASSETCATALOG_COMPILER_GLOBAL_ACCENT_COLOR_NAME = AccentColor;
				CODE_SIGN_STYLE = Automatic;
				DEVELOPMENT_TEAM = RZB66V3XMY;
				INFOPLIST_FILE = SoccerQuizApp/Info.plist;
				LD_RUNPATH_SEARCH_PATHS = (
					"$(inherited)",
					"@executable_path/Frameworks",
				);
				PRODUCT_BUNDLE_IDENTIFIER = com.tomohiro.SoccerQuizApp;
				PRODUCT_NAME = "$(TARGET_NAME)";
				SWIFT_VERSION = 5.0;
				TARGETED_DEVICE_FAMILY = "1,2";
			};
			name = Release;
		};
/* End XCBuildConfiguration section */

/* Begin XCConfigurationList section */
		CD1E29CC260599E600DAD5BC /* Build configuration list for PBXProject "SoccerQuizApp" */ = {
			isa = XCConfigurationList;
			buildConfigurations = (
				CD1E29E3260599E700DAD5BC /* Debug */,
				CD1E29E4260599E700DAD5BC /* Release */,
			);
			defaultConfigurationIsVisible = 0;
			defaultConfigurationName = Release;
		};
		CD1E29E5260599E700DAD5BC /* Build configuration list for PBXNativeTarget "SoccerQuizApp" */ = {
			isa = XCConfigurationList;
			buildConfigurations = (
				CD1E29E6260599E700DAD5BC /* Debug */,
				CD1E29E7260599E700DAD5BC /* Release */,
			);
			defaultConfigurationIsVisible = 0;
			defaultConfigurationName = Release;
		};
/* End XCConfigurationList section */
	};
	rootObject = CD1E29C9260599E600DAD5BC /* Project object */;
}
